// !$*UTF8*$!
{
	archiveVersion = 1;
	classes = {
	};
	objectVersion = 46;
	objects = {

/* Begin PBXBuildFile section */
		6008F2BA1E30F48D0040047B /* MoneyModel.swift in Sources */ = {isa = PBXBuildFile; fileRef = 6008F2B91E30F48D0040047B /* MoneyModel.swift */; };
		6032C4891E2BA96100BF6D8A /* MoneyTypePad.xib in Resources */ = {isa = PBXBuildFile; fileRef = 6032C4881E2BA96100BF6D8A /* MoneyTypePad.xib */; };
		6032C48B1E2BAC9500BF6D8A /* MoneyTypePad.swift in Sources */ = {isa = PBXBuildFile; fileRef = 6032C48A1E2BAC9500BF6D8A /* MoneyTypePad.swift */; };
		605722F91E20A10C00286F3B /* AppDelegate.swift in Sources */ = {isa = PBXBuildFile; fileRef = 605722F81E20A10C00286F3B /* AppDelegate.swift */; };
		605722FB1E20A10C00286F3B /* ViewController.swift in Sources */ = {isa = PBXBuildFile; fileRef = 605722FA1E20A10C00286F3B /* ViewController.swift */; };
		605722FE1E20A10C00286F3B /* Main.storyboard in Resources */ = {isa = PBXBuildFile; fileRef = 605722FC1E20A10C00286F3B /* Main.storyboard */; };
		605723001E20A10C00286F3B /* Assets.xcassets in Resources */ = {isa = PBXBuildFile; fileRef = 605722FF1E20A10C00286F3B /* Assets.xcassets */; };
		605723031E20A10C00286F3B /* LaunchScreen.storyboard in Resources */ = {isa = PBXBuildFile; fileRef = 605723011E20A10C00286F3B /* LaunchScreen.storyboard */; };
/* End PBXBuildFile section */

/* Begin PBXFileReference section */
		6008F2B91E30F48D0040047B /* MoneyModel.swift */ = {isa = PBXFileReference; fileEncoding = 4; lastKnownFileType = sourcecode.swift; path = MoneyModel.swift; sourceTree = "<group>"; };
		6032C4881E2BA96100BF6D8A /* MoneyTypePad.xib */ = {isa = PBXFileReference; fileEncoding = 4; lastKnownFileType = file.xib; path = MoneyTypePad.xib; sourceTree = "<group>"; };
		6032C48A1E2BAC9500BF6D8A /* MoneyTypePad.swift */ = {isa = PBXFileReference; fileEncoding = 4; lastKnownFileType = sourcecode.swift; path = MoneyTypePad.swift; sourceTree = "<group>"; };
		605722F51E20A10C00286F3B /* MoneyUnitConverter.app */ = {isa = PBXFileReference; explicitFileType = wrapper.application; includeInIndex = 0; path = MoneyUnitConverter.app; sourceTree = BUILT_PRODUCTS_DIR; };
		605722F81E20A10C00286F3B /* AppDelegate.swift */ = {isa = PBXFileReference; lastKnownFileType = sourcecode.swift; path = AppDelegate.swift; sourceTree = "<group>"; };
		605722FA1E20A10C00286F3B /* ViewController.swift */ = {isa = PBXFileReference; lastKnownFileType = sourcecode.swift; path = ViewController.swift; sourceTree = "<group>"; };
		605722FD1E20A10C00286F3B /* Base */ = {isa = PBXFileReference; lastKnownFileType = file.storyboard; name = Base; path = Base.lproj/Main.storyboard; sourceTree = "<group>"; };
		605722FF1E20A10C00286F3B /* Assets.xcassets */ = {isa = PBXFileReference; lastKnownFileType = folder.assetcatalog; path = Assets.xcassets; sourceTree = "<group>"; };
		605723021E20A10C00286F3B /* Base */ = {isa = PBXFileReference; lastKnownFileType = file.storyboard; name = Base; path = Base.lproj/LaunchScreen.storyboard; sourceTree = "<group>"; };
		605723041E20A10C00286F3B /* Info.plist */ = {isa = PBXFileReference; lastKnownFileType = text.plist.xml; path = Info.plist; sourceTree = "<group>"; };
/* End PBXFileReference section */

/* Begin PBXFrameworksBuildPhase section */
		605722F21E20A10C00286F3B /* Frameworks */ = {
			isa = PBXFrameworksBuildPhase;
			buildActionMask = 2147483647;
			files = (
			);
			runOnlyForDeploymentPostprocessing = 0;
		};
/* End PBXFrameworksBuildPhase section */

/* Begin PBXGroup section */
		6008F2B81E30F4620040047B /* MoneyModel */ = {
			isa = PBXGroup;
			children = (
				6008F2B91E30F48D0040047B /* MoneyModel.swift */,
			);
			name = MoneyModel;
			sourceTree = "<group>";
		};
		605722EC1E20A10C00286F3B = {
			isa = PBXGroup;
			children = (
				6008F2B81E30F4620040047B /* MoneyModel */,
				605722F71E20A10C00286F3B /* MoneyUnitConverter */,
				605722F61E20A10C00286F3B /* Products */,
			);
			sourceTree = "<group>";
		};
		605722F61E20A10C00286F3B /* Products */ = {
			isa = PBXGroup;
			children = (
				605722F51E20A10C00286F3B /* MoneyUnitConverter.app */,
			);
			name = Products;
			sourceTree = "<group>";
		};
		605722F71E20A10C00286F3B /* MoneyUnitConverter */ = {
			isa = PBXGroup;
			children = (
				605722F81E20A10C00286F3B /* AppDelegate.swift */,
				605722FA1E20A10C00286F3B /* ViewController.swift */,
				6032C4881E2BA96100BF6D8A /* MoneyTypePad.xib */,
				605722FC1E20A10C00286F3B /* Main.storyboard */,
				6032C48A1E2BAC9500BF6D8A /* MoneyTypePad.swift */,
				605722FF1E20A10C00286F3B /* Assets.xcassets */,
				605723011E20A10C00286F3B /* LaunchScreen.storyboard */,
				605723041E20A10C00286F3B /* Info.plist */,
			);
			path = MoneyUnitConverter;
			sourceTree = "<group>";
		};
/* End PBXGroup section */

/* Begin PBXNativeTarget section */
		605722F41E20A10C00286F3B /* MoneyUnitConverter */ = {
			isa = PBXNativeTarget;
			buildConfigurationList = 605723071E20A10C00286F3B /* Build configuration list for PBXNativeTarget "MoneyUnitConverter" */;
			buildPhases = (
				605722F11E20A10C00286F3B /* Sources */,
				605722F21E20A10C00286F3B /* Frameworks */,
				605722F31E20A10C00286F3B /* Resources */,
			);
			buildRules = (
			);
			dependencies = (
			);
			name = MoneyUnitConverter;
			productName = MoneyUnitConverter;
			productReference = 605722F51E20A10C00286F3B /* MoneyUnitConverter.app */;
			productType = "com.apple.product-type.application";
		};
/* End PBXNativeTarget section */

/* Begin PBXProject section */
		605722ED1E20A10C00286F3B /* Project object */ = {
			isa = PBXProject;
			attributes = {
				LastSwiftUpdateCheck = 0820;
				LastUpgradeCheck = 0820;
				ORGANIZATIONNAME = "Satoru Miyamoto";
				TargetAttributes = {
					605722F41E20A10C00286F3B = {
						CreatedOnToolsVersion = 8.2.1;
						DevelopmentTeam = VDURST5ML6;
						ProvisioningStyle = Automatic;
					};
				};
			};
			buildConfigurationList = 605722F01E20A10C00286F3B /* Build configuration list for PBXProject "MoneyUnitConverter" */;
			compatibilityVersion = "Xcode 3.2";
			developmentRegion = English;
			hasScannedForEncodings = 0;
			knownRegions = (
				en,
				Base,
			);
			mainGroup = 605722EC1E20A10C00286F3B;
			productRefGroup = 605722F61E20A10C00286F3B /* Products */;
			projectDirPath = "";
			projectRoot = "";
			targets = (
				605722F41E20A10C00286F3B /* MoneyUnitConverter */,
			);
		};
/* End PBXProject section */

/* Begin PBXResourcesBuildPhase section */
		605722F31E20A10C00286F3B /* Resources */ = {
			isa = PBXResourcesBuildPhase;
			buildActionMask = 2147483647;
			files = (
				6032C4891E2BA96100BF6D8A /* MoneyTypePad.xib in Resources */,
				605723031E20A10C00286F3B /* LaunchScreen.storyboard in Resources */,
				605723001E20A10C00286F3B /* Assets.xcassets in Resources */,
				605722FE1E20A10C00286F3B /* Main.storyboard in Resources */,
			);
			runOnlyForDeploymentPostprocessing = 0;
		};
/* End PBXResourcesBuildPhase section */

/* Begin PBXSourcesBuildPhase section */
		605722F11E20A10C00286F3B /* Sources */ = {
			isa = PBXSourcesBuildPhase;
			buildActionMask = 2147483647;
			files = (
				6008F2BA1E30F48D0040047B /* MoneyModel.swift in Sources */,
				605722FB1E20A10C00286F3B /* ViewController.swift in Sources */,
				6032C48B1E2BAC9500BF6D8A /* MoneyTypePad.swift in Sources */,
				605722F91E20A10C00286F3B /* AppDelegate.swift in Sources */,
			);
			runOnlyForDeploymentPostprocessing = 0;
		};
/* End PBXSourcesBuildPhase section */

/* Begin PBXVariantGroup section */
		605722FC1E20A10C00286F3B /* Main.storyboard */ = {
			isa = PBXVariantGroup;
			children = (
				605722FD1E20A10C00286F3B /* Base */,
			);
			name = Main.storyboard;
			sourceTree = "<group>";
		};
		605723011E20A10C00286F3B /* LaunchScreen.storyboard */ = {
			isa = PBXVariantGroup;
			children = (
				605723021E20A10C00286F3B /* Base */,
			);
			name = LaunchScreen.storyboard;
			sourceTree = "<group>";
		};
/* End PBXVariantGroup section */

/* Begin XCBuildConfiguration section */
		605723051E20A10C00286F3B /* Debug */ = {
			isa = XCBuildConfiguration;
			buildSettings = {
				ALWAYS_SEARCH_USER_PATHS = NO;
				CLANG_ANALYZER_NONNULL = YES;
				CLANG_CXX_LANGUAGE_STANDARD = "gnu++0x";
				CLANG_CXX_LIBRARY = "libc++";
				CLANG_ENABLE_MODULES = YES;
				CLANG_ENABLE_OBJC_ARC = YES;
				CLANG_WARN_BOOL_CONVERSION = YES;
				CLANG_WARN_CONSTANT_CONVERSION = YES;
				CLANG_WARN_DIRECT_OBJC_ISA_USAGE = YES_ERROR;
				CLANG_WARN_DOCUMENTATION_COMMENTS = YES;
				CLANG_WARN_EMPTY_BODY = YES;
				CLANG_WARN_ENUM_CONVERSION = YES;
				CLANG_WARN_INFINITE_RECURSION = YES;
				CLANG_WARN_INT_CONVERSION = YES;
				CLANG_WARN_OBJC_ROOT_CLASS = YES_ERROR;
				CLANG_WARN_SUSPICIOUS_MOVE = YES;
				CLANG_WARN_UNREACHABLE_CODE = YES;
				CLANG_WARN__DUPLICATE_METHOD_MATCH = YES;
				"CODE_SIGN_IDENTITY[sdk=iphoneos*]" = "iPhone Developer";
				COPY_PHASE_STRIP = NO;
				DEBUG_INFORMATION_FORMAT = dwarf;
				ENABLE_STRICT_OBJC_MSGSEND = YES;
				ENABLE_TESTABILITY = YES;
				GCC_C_LANGUAGE_STANDARD = gnu99;
				GCC_DYNAMIC_NO_PIC = NO;
				GCC_NO_COMMON_BLOCKS = YES;
				GCC_OPTIMIZATION_LEVEL = 0;
				GCC_PREPROCESSOR_DEFINITIONS = (
					"DEBUG=1",
					"$(inherited)",
				);
				GCC_WARN_64_TO_32_BIT_CONVERSION = YES;
				GCC_WARN_ABOUT_RETURN_TYPE = YES_ERROR;
				GCC_WARN_UNDECLARED_SELECTOR = YES;
				GCC_WARN_UNINITIALIZED_AUTOS = YES_AGGRESSIVE;
				GCC_WARN_UNUSED_FUNCTION = YES;
				GCC_WARN_UNUSED_VARIABLE = YES;
				IPHONEOS_DEPLOYMENT_TARGET = 10.2;
				MTL_ENABLE_DEBUG_INFO = YES;
				ONLY_ACTIVE_ARCH = YES;
				SDKROOT = iphoneos;
				SWIFT_ACTIVE_COMPILATION_CONDITIONS = DEBUG;
				SWIFT_OPTIMIZATION_LEVEL = "-Onone";
			};
			name = Debug;
		};
		605723061E20A10C00286F3B /* Release */ = {
			isa = XCBuildConfiguration;
			buildSettings = {
				ALWAYS_SEARCH_USER_PATHS = NO;
				CLANG_ANALYZER_NONNULL = YES;
				CLANG_CXX_LANGUAGE_STANDARD = "gnu++0x";
				CLANG_CXX_LIBRARY = "libc++";
				CLANG_ENABLE_MODULES = YES;
				CLANG_ENABLE_OBJC_ARC = YES;
				CLANG_WARN_BOOL_CONVERSION = YES;
				CLANG_WARN_CONSTANT_CONVERSION = YES;
				CLANG_WARN_DIRECT_OBJC_ISA_USAGE = YES_ERROR;
				CLANG_WARN_DOCUMENTATION_COMMENTS = YES;
				CLANG_WARN_EMPTY_BODY = YES;
				CLANG_WARN_ENUM_CONVERSION = YES;
				CLANG_WARN_INFINITE_RECURSION = YES;
				CLANG_WARN_INT_CONVERSION = YES;
				CLANG_WARN_OBJC_ROOT_CLASS = YES_ERROR;
				CLANG_WARN_SUSPICIOUS_MOVE = YES;
				CLANG_WARN_UNREACHABLE_CODE = YES;
				CLANG_WARN__DUPLICATE_METHOD_MATCH = YES;
				"CODE_SIGN_IDENTITY[sdk=iphoneos*]" = "iPhone Developer";
				COPY_PHASE_STRIP = NO;
				DEBUG_INFORMATION_FORMAT = "dwarf-with-dsym";
				ENABLE_NS_ASSERTIONS = NO;
				ENABLE_STRICT_OBJC_MSGSEND = YES;
				GCC_C_LANGUAGE_STANDARD = gnu99;
				GCC_NO_COMMON_BLOCKS = YES;
				GCC_WARN_64_TO_32_BIT_CONVERSION = YES;
				GCC_WARN_ABOUT_RETURN_TYPE = YES_ERROR;
				GCC_WARN_UNDECLARED_SELECTOR = YES;
				GCC_WARN_UNINITIALIZED_AUTOS = YES_AGGRESSIVE;
				GCC_WARN_UNUSED_FUNCTION = YES;
				GCC_WARN_UNUSED_VARIABLE = YES;
				IPHONEOS_DEPLOYMENT_TARGET = 10.2;
				MTL_ENABLE_DEBUG_INFO = NO;
				SDKROOT = iphoneos;
				SWIFT_OPTIMIZATION_LEVEL = "-Owholemodule";
				VALIDATE_PRODUCT = YES;
			};
			name = Release;
		};
		605723081E20A10C00286F3B /* Debug */ = {
			isa = XCBuildConfiguration;
			buildSettings = {
				ASSETCATALOG_COMPILER_APPICON_NAME = AppIcon;
				DEVELOPMENT_TEAM = VDURST5ML6;
				INFOPLIST_FILE = MoneyUnitConverter/Info.plist;
				IPHONEOS_DEPLOYMENT_TARGET = 9.0;
				LD_RUNPATH_SEARCH_PATHS = "$(inherited) @executable_path/Frameworks";
				PRODUCT_BUNDLE_IDENTIFIER = com.dakura.MoneyUnitConverter;
				PRODUCT_NAME = "$(TARGET_NAME)";
				SWIFT_VERSION = 3.0;
			};
			name = Debug;
		};
		605723091E20A10C00286F3B /* Release */ = {
			isa = XCBuildConfiguration;
			buildSettings = {
				ASSETCATALOG_COMPILER_APPICON_NAME = AppIcon;
				DEVELOPMENT_TEAM = VDURST5ML6;
				INFOPLIST_FILE = MoneyUnitConverter/Info.plist;
				IPHONEOS_DEPLOYMENT_TARGET = 9.0;
				LD_RUNPATH_SEARCH_PATHS = "$(inherited) @executable_path/Frameworks";
				PRODUCT_BUNDLE_IDENTIFIER = com.dakura.MoneyUnitConverter;
				PRODUCT_NAME = "$(TARGET_NAME)";
				SWIFT_VERSION = 3.0;
			};
			name = Release;
		};
/* End XCBuildConfiguration section */

/* Begin XCConfigurationList section */
		605722F01E20A10C00286F3B /* Build configuration list for PBXProject "MoneyUnitConverter" */ = {
			isa = XCConfigurationList;
			buildConfigurations = (
				605723051E20A10C00286F3B /* Debug */,
				605723061E20A10C00286F3B /* Release */,
			);
			defaultConfigurationIsVisible = 0;
			defaultConfigurationName = Release;
		};
		605723071E20A10C00286F3B /* Build configuration list for PBXNativeTarget "MoneyUnitConverter" */ = {
			isa = XCConfigurationList;
			buildConfigurations = (
				605723081E20A10C00286F3B /* Debug */,
				605723091E20A10C00286F3B /* Release */,
			);
			defaultConfigurationIsVisible = 0;
			defaultConfigurationName = Release;
		};
/* End XCConfigurationList section */
	};
	rootObject = 605722ED1E20A10C00286F3B /* Project object */;
}
